
Microsoft Visual Studio Solution File, Format Version 12.00
# Visual Studio Version 16
VisualStudioVersion = 16.0.30804.86
MinimumVisualStudioVersion = 10.0.40219.1
Project("{8BC9CEB8-8B4A-11D0-8D11-00A0C91BC942}") = "DivineAnchor_cpp", "DivineAnchor_cpp\DivineAnchor_cpp.vcxproj", "{B5B478CB-ECEC-425E-B46E-D051C03E508F}"
EndProject
Global
	GlobalSection(SolutionConfigurationPlatforms) = preSolution
		Debug|x64 = Debug|x64
		Debug|x86 = Debug|x86
		Release|x64 = Release|x64
		Release|x86 = Release|x86
	EndGlobalSection
	GlobalSection(ProjectConfigurationPlatforms) = postSolution
		{B5B478CB-ECEC-425E-B46E-D051C03E508F}.Debug|x64.ActiveCfg = Debug|x64
		{B5B478CB-ECEC-425E-B46E-D051C03E508F}.Debug|x64.Build.0 = Debug|x64
		{B5B478CB-ECEC-425E-B46E-D051C03E508F}.Debug|x86.ActiveCfg = Debug|Win32
		{B5B478CB-ECEC-425E-B46E-D051C03E508F}.Debug|x86.Build.0 = Debug|Win32
		{B5B478CB-ECEC-425E-B46E-D051C03E508F}.Release|x64.ActiveCfg = Release|x64
		{B5B478CB-ECEC-425E-B46E-D051C03E508F}.Release|x64.Build.0 = Release|x64
		{B5B478CB-ECEC-425E-B46E-D051C03E508F}.Release|x86.ActiveCfg = Release|Win32
		{B5B478CB-ECEC-425E-B46E-D051C03E508F}.Release|x86.Build.0 = Release|Win32
	EndGlobalSection
	GlobalSection(SolutionProperties) = preSolution
		HideSolutionNode = FALSE
	EndGlobalSection
	GlobalSection(ExtensibilityGlobals) = postSolution
		SolutionGuid = {DD52B0B0-CB1E-411F-A4A4-0426235B2256}
	EndGlobalSection
EndGlobal
